
Microsoft Visual Studio Solution File, Format Version 12.00
# Visual Studio Version 16
VisualStudioVersion = 16.0.29424.173
MinimumVisualStudioVersion = 10.0.40219.1
Project("{FAE04EC0-301F-11D3-BF4B-00C04F79EFBC}") = "GreenLeaf", "GreenLeaf\GreenLeaf.csproj", "{65C6F7CD-8D88-4DAF-8185-9DA27AC1D825}"
EndProject
Project("{FAE04EC0-301F-11D3-BF4B-00C04F79EFBC}") = "PasswordCriptor", "PasswordCriptor\PasswordCriptor.csproj", "{88207618-8062-4F2E-AE3D-C22CD427A760}"
EndProject
Project("{930C7802-8A8C-48F9-8165-68863BCCD9DD}") = "Wix_Setup", "Wix_Setup\Wix_Setup.wixproj", "{3D129263-CEF5-42C1-9BBC-EB4DCD1945EE}"
EndProject
Project("{FAE04EC0-301F-11D3-BF4B-00C04F79EFBC}") = "KeyGenerator", "KeyGenerator\KeyGenerator.csproj", "{D89084AD-5AD0-4A6C-933F-30866018725B}"
EndProject
Global
	GlobalSection(SolutionConfigurationPlatforms) = preSolution
		Debug|Any CPU = Debug|Any CPU
		Debug|x86 = Debug|x86
		Release|Any CPU = Release|Any CPU
		Release|x86 = Release|x86
	EndGlobalSection
	GlobalSection(ProjectConfigurationPlatforms) = postSolution
		{65C6F7CD-8D88-4DAF-8185-9DA27AC1D825}.Debug|Any CPU.ActiveCfg = Debug|Any CPU
		{65C6F7CD-8D88-4DAF-8185-9DA27AC1D825}.Debug|Any CPU.Build.0 = Debug|Any CPU
		{65C6F7CD-8D88-4DAF-8185-9DA27AC1D825}.Debug|x86.ActiveCfg = Debug|Any CPU
		{65C6F7CD-8D88-4DAF-8185-9DA27AC1D825}.Debug|x86.Build.0 = Debug|Any CPU
		{65C6F7CD-8D88-4DAF-8185-9DA27AC1D825}.Release|Any CPU.ActiveCfg = Release|Any CPU
		{65C6F7CD-8D88-4DAF-8185-9DA27AC1D825}.Release|Any CPU.Build.0 = Release|Any CPU
		{65C6F7CD-8D88-4DAF-8185-9DA27AC1D825}.Release|x86.ActiveCfg = Release|Any CPU
		{65C6F7CD-8D88-4DAF-8185-9DA27AC1D825}.Release|x86.Build.0 = Release|Any CPU
		{88207618-8062-4F2E-AE3D-C22CD427A760}.Debug|Any CPU.ActiveCfg = Debug|Any CPU
		{88207618-8062-4F2E-AE3D-C22CD427A760}.Debug|Any CPU.Build.0 = Debug|Any CPU
		{88207618-8062-4F2E-AE3D-C22CD427A760}.Debug|x86.ActiveCfg = Debug|Any CPU
		{88207618-8062-4F2E-AE3D-C22CD427A760}.Debug|x86.Build.0 = Debug|Any CPU
		{88207618-8062-4F2E-AE3D-C22CD427A760}.Release|Any CPU.ActiveCfg = Release|Any CPU
		{88207618-8062-4F2E-AE3D-C22CD427A760}.Release|Any CPU.Build.0 = Release|Any CPU
		{88207618-8062-4F2E-AE3D-C22CD427A760}.Release|x86.ActiveCfg = Release|Any CPU
		{88207618-8062-4F2E-AE3D-C22CD427A760}.Release|x86.Build.0 = Release|Any CPU
		{3D129263-CEF5-42C1-9BBC-EB4DCD1945EE}.Debug|Any CPU.ActiveCfg = Debug|x86
		{3D129263-CEF5-42C1-9BBC-EB4DCD1945EE}.Debug|x86.ActiveCfg = Debug|x86
		{3D129263-CEF5-42C1-9BBC-EB4DCD1945EE}.Debug|x86.Build.0 = Debug|x86
		{3D129263-CEF5-42C1-9BBC-EB4DCD1945EE}.Release|Any CPU.ActiveCfg = Release|x86
		{3D129263-CEF5-42C1-9BBC-EB4DCD1945EE}.Release|x86.ActiveCfg = Release|x86
		{3D129263-CEF5-42C1-9BBC-EB4DCD1945EE}.Release|x86.Build.0 = Release|x86
		{D89084AD-5AD0-4A6C-933F-30866018725B}.Debug|Any CPU.ActiveCfg = Debug|Any CPU
		{D89084AD-5AD0-4A6C-933F-30866018725B}.Debug|Any CPU.Build.0 = Debug|Any CPU
		{D89084AD-5AD0-4A6C-933F-30866018725B}.Debug|x86.ActiveCfg = Debug|Any CPU
		{D89084AD-5AD0-4A6C-933F-30866018725B}.Debug|x86.Build.0 = Debug|Any CPU
		{D89084AD-5AD0-4A6C-933F-30866018725B}.Release|Any CPU.ActiveCfg = Release|Any CPU
		{D89084AD-5AD0-4A6C-933F-30866018725B}.Release|Any CPU.Build.0 = Release|Any CPU
		{D89084AD-5AD0-4A6C-933F-30866018725B}.Release|x86.ActiveCfg = Release|Any CPU
		{D89084AD-5AD0-4A6C-933F-30866018725B}.Release|x86.Build.0 = Release|Any CPU
	EndGlobalSection
	GlobalSection(SolutionProperties) = preSolution
		HideSolutionNode = FALSE
	EndGlobalSection
	GlobalSection(ExtensibilityGlobals) = postSolution
		SolutionGuid = {0A7FE8B7-4F4A-48EE-A5D3-8294B0F7E513}
	EndGlobalSection
EndGlobal
